
Microsoft Visual Studio Solution File, Format Version 12.00
# Visual Studio 15
VisualStudioVersion = 15.0.26730.16
MinimumVisualStudioVersion = 10.0.40219.1
Project("{8BC9CEB8-8B4A-11D0-8D11-00A0C91BC942}") = "Lab 16", "Lab 16.vcxproj", "{D1D596E6-2F78-4AB4-B622-C82F7606B2C9}"
EndProject
Global
	GlobalSection(SolutionConfigurationPlatforms) = preSolution
		Debug|x64 = Debug|x64
		Debug|x86 = Debug|x86
		Release|x64 = Release|x64
		Release|x86 = Release|x86
	EndGlobalSection
	GlobalSection(ProjectConfigurationPlatforms) = postSolution
		{D1D596E6-2F78-4AB4-B622-C82F7606B2C9}.Debug|x64.ActiveCfg = Debug|x64
		{D1D596E6-2F78-4AB4-B622-C82F7606B2C9}.Debug|x64.Build.0 = Debug|x64
		{D1D596E6-2F78-4AB4-B622-C82F7606B2C9}.Debug|x86.ActiveCfg = Debug|Win32
		{D1D596E6-2F78-4AB4-B622-C82F7606B2C9}.Debug|x86.Build.0 = Debug|Win32
		{D1D596E6-2F78-4AB4-B622-C82F7606B2C9}.Release|x64.ActiveCfg = Release|x64
		{D1D596E6-2F78-4AB4-B622-C82F7606B2C9}.Release|x64.Build.0 = Release|x64
		{D1D596E6-2F78-4AB4-B622-C82F7606B2C9}.Release|x86.ActiveCfg = Release|Win32
		{D1D596E6-2F78-4AB4-B622-C82F7606B2C9}.Release|x86.Build.0 = Release|Win32
	EndGlobalSection
	GlobalSection(SolutionProperties) = preSolution
		HideSolutionNode = FALSE
	EndGlobalSection
	GlobalSection(ExtensibilityGlobals) = postSolution
		SolutionGuid = {009BE3F6-B2F7-4A3F-8A06-372F380B2E28}
	EndGlobalSection
EndGlobal
